
Microsoft Visual Studio Solution File, Format Version 12.00
# Visual Studio Version 17
VisualStudioVersion = 17.4.33205.214
MinimumVisualStudioVersion = 10.0.40219.1
Project("{FAE04EC0-301F-11D3-BF4B-00C04F79EFBC}") = "MiniChefe", "MiniChefe\MiniChefe.csproj", "{A5B131ED-A426-4EE4-A0DD-77DD73D6C842}"
EndProject
Global
	GlobalSection(SolutionConfigurationPlatforms) = preSolution
		Debug|Any CPU = Debug|Any CPU
		Release|Any CPU = Release|Any CPU
	EndGlobalSection
	GlobalSection(ProjectConfigurationPlatforms) = postSolution
		{A5B131ED-A426-4EE4-A0DD-77DD73D6C842}.Debug|Any CPU.ActiveCfg = Debug|Any CPU
		{A5B131ED-A426-4EE4-A0DD-77DD73D6C842}.Debug|Any CPU.Build.0 = Debug|Any CPU
		{A5B131ED-A426-4EE4-A0DD-77DD73D6C842}.Release|Any CPU.ActiveCfg = Release|Any CPU
		{A5B131ED-A426-4EE4-A0DD-77DD73D6C842}.Release|Any CPU.Build.0 = Release|Any CPU
	EndGlobalSection
	GlobalSection(SolutionProperties) = preSolution
		HideSolutionNode = FALSE
	EndGlobalSection
	GlobalSection(ExtensibilityGlobals) = postSolution
		SolutionGuid = {B4CE9C35-01CD-4939-9D4F-2BB58DF08E09}
	EndGlobalSection
EndGlobal
